Microsoft Visual Studio Solution File, Format Version 12.00
# Visual Studio Version 17
VisualStudioVersion = 17.5.2.0
MinimumVisualStudioVersion = 10.0.40219.1
Project("{FAE04EC0-301F-11D3-BF4B-00C04F79EFBC}") = "PomodoroMaui", "PomodoroMaui.csproj", "{50462415-A5CB-B790-D1E1-D68454BC21FD}"
EndProject
Global
	GlobalSection(SolutionConfigurationPlatforms) = preSolution
		Debug|Any CPU = Debug|Any CPU
		Release|Any CPU = Release|Any CPU
	EndGlobalSection
	GlobalSection(ProjectConfigurationPlatforms) = postSolution
		{50462415-A5CB-B790-D1E1-D68454BC21FD}.Debug|Any CPU.ActiveCfg = Debug|Any CPU
		{50462415-A5CB-B790-D1E1-D68454BC21FD}.Debug|Any CPU.Build.0 = Debug|Any CPU
		{50462415-A5CB-B790-D1E1-D68454BC21FD}.Release|Any CPU.ActiveCfg = Release|Any CPU
		{50462415-A5CB-B790-D1E1-D68454BC21FD}.Release|Any CPU.Build.0 = Release|Any CPU
	EndGlobalSection
	GlobalSection(SolutionProperties) = preSolution
		HideSolutionNode = FALSE
	EndGlobalSection
	GlobalSection(ExtensibilityGlobals) = postSolution
		SolutionGuid = {8E21E44E-BC43-4E7F-96A2-E600E82F573E}
	EndGlobalSection
EndGlobal
